
Microsoft Visual Studio Solution File, Format Version 12.00
# Visual Studio Version 16
VisualStudioVersion = 16.0.29609.76
MinimumVisualStudioVersion = 10.0.40219.1
Project("{FAE04EC0-301F-11D3-BF4B-00C04F79EFBC}") = "1072008_HW4_2", "1072008_HW4_2\1072008_HW4_2.csproj", "{90C81AD7-1424-4381-AF10-7944E877E9AA}"
EndProject
Global
	GlobalSection(SolutionConfigurationPlatforms) = preSolution
		Debug|Any CPU = Debug|Any CPU
		Release|Any CPU = Release|Any CPU
	EndGlobalSection
	GlobalSection(ProjectConfigurationPlatforms) = postSolution
		{90C81AD7-1424-4381-AF10-7944E877E9AA}.Debug|Any CPU.ActiveCfg = Debug|Any CPU
		{90C81AD7-1424-4381-AF10-7944E877E9AA}.Debug|Any CPU.Build.0 = Debug|Any CPU
		{90C81AD7-1424-4381-AF10-7944E877E9AA}.Release|Any CPU.ActiveCfg = Release|Any CPU
		{90C81AD7-1424-4381-AF10-7944E877E9AA}.Release|Any CPU.Build.0 = Release|Any CPU
	EndGlobalSection
	GlobalSection(SolutionProperties) = preSolution
		HideSolutionNode = FALSE
	EndGlobalSection
	GlobalSection(ExtensibilityGlobals) = postSolution
		SolutionGuid = {8F968506-AE39-457D-89B2-42679261AD0C}
	EndGlobalSection
EndGlobal
